// !$*UTF8*$!
{
	archiveVersion = 1;
	classes = {
	};
	objectVersion = 50;
	objects = {

/* Begin PBXBuildFile section */
		0D9C22486200B53DF56143B7 /* Pods_photoHandle.framework in Frameworks */ = {isa = PBXBuildFile; fileRef = 707C2CFE8C3ED470078BDEFD /* Pods_photoHandle.framework */; };
		B4841A8A219EEDC00002EC9A /* pp.jpg in Resources */ = {isa = PBXBuildFile; fileRef = B4841A89219EEDBF0002EC9A /* pp.jpg */; };
		B49B8AD121814E6800B8F76E /* AppDelegate.swift in Sources */ = {isa = PBXBuildFile; fileRef = B49B8AD021814E6800B8F76E /* AppDelegate.swift */; };
		B49B8AD621814E6800B8F76E /* Main.storyboard in Resources */ = {isa = PBXBuildFile; fileRef = B49B8AD421814E6800B8F76E /* Main.storyboard */; };
		B49B8AD921814E6800B8F76E /* photoHandle.xcdatamodeld in Sources */ = {isa = PBXBuildFile; fileRef = B49B8AD721814E6800B8F76E /* photoHandle.xcdatamodeld */; };
		B49B8ADB21814E6A00B8F76E /* Assets.xcassets in Resources */ = {isa = PBXBuildFile; fileRef = B49B8ADA21814E6A00B8F76E /* Assets.xcassets */; };
		B4E7D54E219AAA5D000ACE9E /* SignInVC.swift in Sources */ = {isa = PBXBuildFile; fileRef = B4E7D54D219AAA5D000ACE9E /* SignInVC.swift */; };
		B4E7D550219AAA78000ACE9E /* SignUpVC.swift in Sources */ = {isa = PBXBuildFile; fileRef = B4E7D54F219AAA78000ACE9E /* SignUpVC.swift */; };
		B4E7D552219AAAA0000ACE9E /* ResetPasswordVC.swift in Sources */ = {isa = PBXBuildFile; fileRef = B4E7D551219AAAA0000ACE9E /* ResetPasswordVC.swift */; };
		B4FD3ECD219A9EE6001938A3 /* Podfile in Resources */ = {isa = PBXBuildFile; fileRef = B4FD3ECC219A9EE6001938A3 /* Podfile */; };
/* End PBXBuildFile section */

/* Begin PBXFileReference section */
		11933CB8EAE907207CF35C6E /* Pods-photoHandle.release.xcconfig */ = {isa = PBXFileReference; includeInIndex = 1; lastKnownFileType = text.xcconfig; name = "Pods-photoHandle.release.xcconfig"; path = "Pods/Target Support Files/Pods-photoHandle/Pods-photoHandle.release.xcconfig"; sourceTree = "<group>"; };
		707C2CFE8C3ED470078BDEFD /* Pods_photoHandle.framework */ = {isa = PBXFileReference; explicitFileType = wrapper.framework; includeInIndex = 0; path = Pods_photoHandle.framework; sourceTree = BUILT_PRODUCTS_DIR; };
		7A28E2CAB6285A3E4F614E4F /* Pods-photoHandle.debug.xcconfig */ = {isa = PBXFileReference; includeInIndex = 1; lastKnownFileType = text.xcconfig; name = "Pods-photoHandle.debug.xcconfig"; path = "Pods/Target Support Files/Pods-photoHandle/Pods-photoHandle.debug.xcconfig"; sourceTree = "<group>"; };
		B4841A89219EEDBF0002EC9A /* pp.jpg */ = {isa = PBXFileReference; lastKnownFileType = image.jpeg; path = pp.jpg; sourceTree = SOURCE_ROOT; };
		B49B8ACD21814E6800B8F76E /* photoHandle.app */ = {isa = PBXFileReference; explicitFileType = wrapper.application; includeInIndex = 0; path = photoHandle.app; sourceTree = BUILT_PRODUCTS_DIR; };
		B49B8AD021814E6800B8F76E /* AppDelegate.swift */ = {isa = PBXFileReference; lastKnownFileType = sourcecode.swift; path = AppDelegate.swift; sourceTree = "<group>"; };
		B49B8AD521814E6800B8F76E /* Base */ = {isa = PBXFileReference; lastKnownFileType = file.storyboard; name = Base; path = Base.lproj/Main.storyboard; sourceTree = "<group>"; };
		B49B8AD821814E6800B8F76E /* photoHandle.xcdatamodel */ = {isa = PBXFileReference; lastKnownFileType = wrapper.xcdatamodel; path = photoHandle.xcdatamodel; sourceTree = "<group>"; };
		B49B8ADA21814E6A00B8F76E /* Assets.xcassets */ = {isa = PBXFileReference; lastKnownFileType = folder.assetcatalog; path = Assets.xcassets; sourceTree = "<group>"; };
		B49B8ADF21814E6A00B8F76E /* Info.plist */ = {isa = PBXFileReference; lastKnownFileType = text.plist.xml; path = Info.plist; sourceTree = "<group>"; };
		B4E7D54D219AAA5D000ACE9E /* SignInVC.swift */ = {isa = PBXFileReference; lastKnownFileType = sourcecode.swift; path = SignInVC.swift; sourceTree = "<group>"; };
		B4E7D54F219AAA78000ACE9E /* SignUpVC.swift */ = {isa = PBXFileReference; lastKnownFileType = sourcecode.swift; path = SignUpVC.swift; sourceTree = "<group>"; };
		B4E7D551219AAAA0000ACE9E /* ResetPasswordVC.swift */ = {isa = PBXFileReference; lastKnownFileType = sourcecode.swift; path = ResetPasswordVC.swift; sourceTree = "<group>"; };
		B4FD3ECC219A9EE6001938A3 /* Podfile */ = {isa = PBXFileReference; lastKnownFileType = text; path = Podfile; sourceTree = "<group>"; xcLanguageSpecificationIdentifier = xcode.lang.ruby; };
/* End PBXFileReference section */

/* Begin PBXFrameworksBuildPhase section */
		B49B8ACA21814E6800B8F76E /* Frameworks */ = {
			isa = PBXFrameworksBuildPhase;
			buildActionMask = 2147483647;
			files = (
				0D9C22486200B53DF56143B7 /* Pods_photoHandle.framework in Frameworks */,
			);
			runOnlyForDeploymentPostprocessing = 0;
		};
/* End PBXFrameworksBuildPhase section */

/* Begin PBXGroup section */
		B49B8AC421814E6800B8F76E = {
			isa = PBXGroup;
			children = (
				B4FD3ECC219A9EE6001938A3 /* Podfile */,
				B49B8ACF21814E6800B8F76E /* photoHandle */,
				B49B8ACE21814E6800B8F76E /* Products */,
				D5B5BD8247AA27965B01C5F1 /* Pods */,
				C6D6ED8F9B0DBC1729ADE4C7 /* Frameworks */,
			);
			sourceTree = "<group>";
		};
		B49B8ACE21814E6800B8F76E /* Products */ = {
			isa = PBXGroup;
			children = (
				B49B8ACD21814E6800B8F76E /* photoHandle.app */,
			);
			name = Products;
			sourceTree = "<group>";
		};
		B49B8ACF21814E6800B8F76E /* photoHandle */ = {
			isa = PBXGroup;
			children = (
				B49B8AD021814E6800B8F76E /* AppDelegate.swift */,
				B49B8AD421814E6800B8F76E /* Main.storyboard */,
				B49B8ADA21814E6A00B8F76E /* Assets.xcassets */,
				B49B8ADF21814E6A00B8F76E /* Info.plist */,
				B49B8AD721814E6800B8F76E /* photoHandle.xcdatamodeld */,
				B4841A89219EEDBF0002EC9A /* pp.jpg */,
				B4E7D54D219AAA5D000ACE9E /* SignInVC.swift */,
				B4E7D54F219AAA78000ACE9E /* SignUpVC.swift */,
				B4E7D551219AAAA0000ACE9E /* ResetPasswordVC.swift */,
			);
			path = photoHandle;
			sourceTree = "<group>";
		};
		C6D6ED8F9B0DBC1729ADE4C7 /* Frameworks */ = {
			isa = PBXGroup;
			children = (
				707C2CFE8C3ED470078BDEFD /* Pods_photoHandle.framework */,
			);
			name = Frameworks;
			sourceTree = "<group>";
		};
		D5B5BD8247AA27965B01C5F1 /* Pods */ = {
			isa = PBXGroup;
			children = (
				7A28E2CAB6285A3E4F614E4F /* Pods-photoHandle.debug.xcconfig */,
				11933CB8EAE907207CF35C6E /* Pods-photoHandle.release.xcconfig */,
			);
			name = Pods;
			sourceTree = "<group>";
		};
/* End PBXGroup section */

/* Begin PBXNativeTarget section */
		B49B8ACC21814E6800B8F76E /* photoHandle */ = {
			isa = PBXNativeTarget;
			buildConfigurationList = B49B8AE221814E6A00B8F76E /* Build configuration list for PBXNativeTarget "photoHandle" */;
			buildPhases = (
				8566CF130CBDC9D3EBCD0994 /* [CP] Check Pods Manifest.lock */,
				B49B8AC921814E6800B8F76E /* Sources */,
				B49B8ACA21814E6800B8F76E /* Frameworks */,
				B49B8ACB21814E6800B8F76E /* Resources */,
				1C606067C89AF0D782F3E33C /* [CP] Embed Pods Frameworks */,
			);
			buildRules = (
			);
			dependencies = (
			);
			name = photoHandle;
			productName = photoHandle;
			productReference = B49B8ACD21814E6800B8F76E /* photoHandle.app */;
			productType = "com.apple.product-type.application";
		};
/* End PBXNativeTarget section */

/* Begin PBXProject section */
		B49B8AC521814E6800B8F76E /* Project object */ = {
			isa = PBXProject;
			attributes = {
				LastSwiftUpdateCheck = 1000;
				LastUpgradeCheck = 1000;
				ORGANIZATIONNAME = tingz;
				TargetAttributes = {
					B49B8ACC21814E6800B8F76E = {
						CreatedOnToolsVersion = 10.0;
					};
				};
			};
			buildConfigurationList = B49B8AC821814E6800B8F76E /* Build configuration list for PBXProject "photoHandle" */;
			compatibilityVersion = "Xcode 9.3";
			developmentRegion = en;
			hasScannedForEncodings = 0;
			knownRegions = (
				en,
				Base,
			);
			mainGroup = B49B8AC421814E6800B8F76E;
			productRefGroup = B49B8ACE21814E6800B8F76E /* Products */;
			projectDirPath = "";
			projectRoot = "";
			targets = (
				B49B8ACC21814E6800B8F76E /* photoHandle */,
			);
		};
/* End PBXProject section */

/* Begin PBXResourcesBuildPhase section */
		B49B8ACB21814E6800B8F76E /* Resources */ = {
			isa = PBXResourcesBuildPhase;
			buildActionMask = 2147483647;
			files = (
				B4FD3ECD219A9EE6001938A3 /* Podfile in Resources */,
				B4841A8A219EEDC00002EC9A /* pp.jpg in Resources */,
				B49B8ADB21814E6A00B8F76E /* Assets.xcassets in Resources */,
				B49B8AD621814E6800B8F76E /* Main.storyboard in Resources */,
			);
			runOnlyForDeploymentPostprocessing = 0;
		};
/* End PBXResourcesBuildPhase section */

/* Begin PBXShellScriptBuildPhase section */
		1C606067C89AF0D782F3E33C /* [CP] Embed Pods Frameworks */ = {
			isa = PBXShellScriptBuildPhase;
			buildActionMask = 2147483647;
			files = (
			);
			inputFileListPaths = (
			);
			inputPaths = (
				"${SRCROOT}/Pods/Target Support Files/Pods-photoHandle/Pods-photoHandle-frameworks.sh",
				"${BUILT_PRODUCTS_DIR}/Alamofire/Alamofire.framework",
				"${BUILT_PRODUCTS_DIR}/LeanCloud/LeanCloud.framework",
			);
			name = "[CP] Embed Pods Frameworks";
			outputFileListPaths = (
			);
			outputPaths = (
				"${TARGET_BUILD_DIR}/${FRAMEWORKS_FOLDER_PATH}/Alamofire.framework",
				"${TARGET_BUILD_DIR}/${FRAMEWORKS_FOLDER_PATH}/LeanCloud.framework",
			);
			runOnlyForDeploymentPostprocessing = 0;
			shellPath = /bin/sh;
			shellScript = "\"${SRCROOT}/Pods/Target Support Files/Pods-photoHandle/Pods-photoHandle-frameworks.sh\"\n";
			showEnvVarsInLog = 0;
		};
		8566CF130CBDC9D3EBCD0994 /* [CP] Check Pods Manifest.lock */ = {
			isa = PBXShellScriptBuildPhase;
			buildActionMask = 2147483647;
			files = (
			);
			inputFileListPaths = (
			);
			inputPaths = (
				"${PODS_PODFILE_DIR_PATH}/Podfile.lock",
				"${PODS_ROOT}/Manifest.lock",
			);
			name = "[CP] Check Pods Manifest.lock";
			outputFileListPaths = (
			);
			outputPaths = (
				"$(DERIVED_FILE_DIR)/Pods-photoHandle-checkManifestLockResult.txt",
			);
			runOnlyForDeploymentPostprocessing = 0;
			shellPath = /bin/sh;
			shellScript = "diff \"${PODS_PODFILE_DIR_PATH}/Podfile.lock\" \"${PODS_ROOT}/Manifest.lock\" > /dev/null\nif [ $? != 0 ] ; then\n    # print error to STDERR\n    echo \"error: The sandbox is not in sync with the Podfile.lock. Run 'pod install' or update your CocoaPods installation.\" >&2\n    exit 1\nfi\n# This output is used by Xcode 'outputs' to avoid re-running this script phase.\necho \"SUCCESS\" > \"${SCRIPT_OUTPUT_FILE_0}\"\n";
			showEnvVarsInLog = 0;
		};
/* End PBXShellScriptBuildPhase section */

/* Begin PBXSourcesBuildPhase section */
		B49B8AC921814E6800B8F76E /* Sources */ = {
			isa = PBXSourcesBuildPhase;
			buildActionMask = 2147483647;
			files = (
				B4E7D550219AAA78000ACE9E /* SignUpVC.swift in Sources */,
				B4E7D552219AAAA0000ACE9E /* ResetPasswordVC.swift in Sources */,
				B49B8AD921814E6800B8F76E /* photoHandle.xcdatamodeld in Sources */,
				B49B8AD121814E6800B8F76E /* AppDelegate.swift in Sources */,
				B4E7D54E219AAA5D000ACE9E /* SignInVC.swift in Sources */,
			);
			runOnlyForDeploymentPostprocessing = 0;
		};
/* End PBXSourcesBuildPhase section */

/* Begin PBXVariantGroup section */
		B49B8AD421814E6800B8F76E /* Main.storyboard */ = {
			isa = PBXVariantGroup;
			children = (
				B49B8AD521814E6800B8F76E /* Base */,
			);
			name = Main.storyboard;
			sourceTree = "<group>";
		};
/* End PBXVariantGroup section */

/* Begin XCBuildConfiguration section */
		B49B8AE021814E6A00B8F76E /* Debug */ = {
			isa = XCBuildConfiguration;
			buildSettings = {
				ALWAYS_SEARCH_USER_PATHS = NO;
				CLANG_ANALYZER_NONNULL = YES;
				CLANG_ANALYZER_NUMBER_OBJECT_CONVERSION = YES_AGGRESSIVE;
				CLANG_CXX_LANGUAGE_STANDARD = "gnu++14";
				CLANG_CXX_LIBRARY = "libc++";
				CLANG_ENABLE_MODULES = YES;
				CLANG_ENABLE_OBJC_ARC = YES;
				CLANG_ENABLE_OBJC_WEAK = YES;
				CLANG_WARN_BLOCK_CAPTURE_AUTORELEASING = YES;
				CLANG_WARN_BOOL_CONVERSION = YES;
				CLANG_WARN_COMMA = YES;
				CLANG_WARN_CONSTANT_CONVERSION = YES;
				CLANG_WARN_DEPRECATED_OBJC_IMPLEMENTATIONS = YES;
				CLANG_WARN_DIRECT_OBJC_ISA_USAGE = YES_ERROR;
				CLANG_WARN_DOCUMENTATION_COMMENTS = YES;
				CLANG_WARN_EMPTY_BODY = YES;
				CLANG_WARN_ENUM_CONVERSION = YES;
				CLANG_WARN_INFINITE_RECURSION = YES;
				CLANG_WARN_INT_CONVERSION = YES;
				CLANG_WARN_NON_LITERAL_NULL_CONVERSION = YES;
				CLANG_WARN_OBJC_IMPLICIT_RETAIN_SELF = YES;
				CLANG_WARN_OBJC_LITERAL_CONVERSION = YES;
				CLANG_WARN_OBJC_ROOT_CLASS = YES_ERROR;
				CLANG_WARN_RANGE_LOOP_ANALYSIS = YES;
				CLANG_WARN_STRICT_PROTOTYPES = YES;
				CLANG_WARN_SUSPICIOUS_MOVE = YES;
				CLANG_WARN_UNGUARDED_AVAILABILITY = YES_AGGRESSIVE;
				CLANG_WARN_UNREACHABLE_CODE = YES;
				CLANG_WARN__DUPLICATE_METHOD_MATCH = YES;
				CODE_SIGN_IDENTITY = "iPhone Developer";
				COPY_PHASE_STRIP = NO;
				DEBUG_INFORMATION_FORMAT = dwarf;
				ENABLE_STRICT_OBJC_MSGSEND = YES;
				ENABLE_TESTABILITY = YES;
				GCC_C_LANGUAGE_STANDARD = gnu11;
				GCC_DYNAMIC_NO_PIC = NO;
				GCC_NO_COMMON_BLOCKS = YES;
				GCC_OPTIMIZATION_LEVEL = 0;
				GCC_PREPROCESSOR_DEFINITIONS = (
					"DEBUG=1",
					"$(inherited)",
				);
				GCC_WARN_64_TO_32_BIT_CONVERSION = YES;
				GCC_WARN_ABOUT_RETURN_TYPE = YES_ERROR;
				GCC_WARN_UNDECLARED_SELECTOR = YES;
				GCC_WARN_UNINITIALIZED_AUTOS = YES_AGGRESSIVE;
				GCC_WARN_UNUSED_FUNCTION = YES;
				GCC_WARN_UNUSED_VARIABLE = YES;
				IPHONEOS_DEPLOYMENT_TARGET = 12.0;
				MTL_ENABLE_DEBUG_INFO = INCLUDE_SOURCE;
				MTL_FAST_MATH = YES;
				ONLY_ACTIVE_ARCH = YES;
				SDKROOT = iphoneos;
				SWIFT_ACTIVE_COMPILATION_CONDITIONS = DEBUG;
				SWIFT_OPTIMIZATION_LEVEL = "-Onone";
			};
			name = Debug;
		};
		B49B8AE121814E6A00B8F76E /* Release */ = {
			isa = XCBuildConfiguration;
			buildSettings = {
				ALWAYS_SEARCH_USER_PATHS = NO;
				CLANG_ANALYZER_NONNULL = YES;
				CLANG_ANALYZER_NUMBER_OBJECT_CONVERSION = YES_AGGRESSIVE;
				CLANG_CXX_LANGUAGE_STANDARD = "gnu++14";
				CLANG_CXX_LIBRARY = "libc++";
				CLANG_ENABLE_MODULES = YES;
				CLANG_ENABLE_OBJC_ARC = YES;
				CLANG_ENABLE_OBJC_WEAK = YES;
				CLANG_WARN_BLOCK_CAPTURE_AUTORELEASING = YES;
				CLANG_WARN_BOOL_CONVERSION = YES;
				CLANG_WARN_COMMA = YES;
				CLANG_WARN_CONSTANT_CONVERSION = YES;
				CLANG_WARN_DEPRECATED_OBJC_IMPLEMENTATIONS = YES;
				CLANG_WARN_DIRECT_OBJC_ISA_USAGE = YES_ERROR;
				CLANG_WARN_DOCUMENTATION_COMMENTS = YES;
				CLANG_WARN_EMPTY_BODY = YES;
				CLANG_WARN_ENUM_CONVERSION = YES;
				CLANG_WARN_INFINITE_RECURSION = YES;
				CLANG_WARN_INT_CONVERSION = YES;
				CLANG_WARN_NON_LITERAL_NULL_CONVERSION = YES;
				CLANG_WARN_OBJC_IMPLICIT_RETAIN_SELF = YES;
				CLANG_WARN_OBJC_LITERAL_CONVERSION = YES;
				CLANG_WARN_OBJC_ROOT_CLASS = YES_ERROR;
				CLANG_WARN_RANGE_LOOP_ANALYSIS = YES;
				CLANG_WARN_STRICT_PROTOTYPES = YES;
				CLANG_WARN_SUSPICIOUS_MOVE = YES;
				CLANG_WARN_UNGUARDED_AVAILABILITY = YES_AGGRESSIVE;
				CLANG_WARN_UNREACHABLE_CODE = YES;
				CLANG_WARN__DUPLICATE_METHOD_MATCH = YES;
				CODE_SIGN_IDENTITY = "iPhone Developer";
				COPY_PHASE_STRIP = NO;
				DEBUG_INFORMATION_FORMAT = "dwarf-with-dsym";
				ENABLE_NS_ASSERTIONS = NO;
				ENABLE_STRICT_OBJC_MSGSEND = YES;
				GCC_C_LANGUAGE_STANDARD = gnu11;
				GCC_NO_COMMON_BLOCKS = YES;
				GCC_WARN_64_TO_32_BIT_CONVERSION = YES;
				GCC_WARN_ABOUT_RETURN_TYPE = YES_ERROR;
				GCC_WARN_UNDECLARED_SELECTOR = YES;
				GCC_WARN_UNINITIALIZED_AUTOS = YES_AGGRESSIVE;
				GCC_WARN_UNUSED_FUNCTION = YES;
				GCC_WARN_UNUSED_VARIABLE = YES;
				IPHONEOS_DEPLOYMENT_TARGET = 12.0;
				MTL_ENABLE_DEBUG_INFO = NO;
				MTL_FAST_MATH = YES;
				SDKROOT = iphoneos;
				SWIFT_COMPILATION_MODE = wholemodule;
				SWIFT_OPTIMIZATION_LEVEL = "-O";
				VALIDATE_PRODUCT = YES;
			};
			name = Release;
		};
		B49B8AE321814E6A00B8F76E /* Debug */ = {
			isa = XCBuildConfiguration;
			baseConfigurationReference = 7A28E2CAB6285A3E4F614E4F /* Pods-photoHandle.debug.xcconfig */;
			buildSettings = {
				ASSETCATALOG_COMPILER_APPICON_NAME = AppIcon;
				ASSETCATALOG_COMPILER_LAUNCHIMAGE_NAME = LaunchImage;
				CODE_SIGN_STYLE = Automatic;
				DEVELOPMENT_TEAM = S6743XLFA4;
				INFOPLIST_FILE = photoHandle/Info.plist;
				IPHONEOS_DEPLOYMENT_TARGET = 10.3;
				LD_RUNPATH_SEARCH_PATHS = (
					"$(inherited)",
					"@executable_path/Frameworks",
				);
				PRODUCT_BUNDLE_IDENTIFIER = "com.1-tingz.photoHandle";
				PRODUCT_NAME = "$(TARGET_NAME)";
				SWIFT_VERSION = 4.2;
				TARGETED_DEVICE_FAMILY = 1;
			};
			name = Debug;
		};
		B49B8AE421814E6A00B8F76E /* Release */ = {
			isa = XCBuildConfiguration;
			baseConfigurationReference = 11933CB8EAE907207CF35C6E /* Pods-photoHandle.release.xcconfig */;
			buildSettings = {
				ASSETCATALOG_COMPILER_APPICON_NAME = AppIcon;
				ASSETCATALOG_COMPILER_LAUNCHIMAGE_NAME = LaunchImage;
				CODE_SIGN_STYLE = Automatic;
				DEVELOPMENT_TEAM = S6743XLFA4;
				INFOPLIST_FILE = photoHandle/Info.plist;
				IPHONEOS_DEPLOYMENT_TARGET = 10.3;
				LD_RUNPATH_SEARCH_PATHS = (
					"$(inherited)",
					"@executable_path/Frameworks",
				);
				PRODUCT_BUNDLE_IDENTIFIER = "com.1-tingz.photoHandle";
				PRODUCT_NAME = "$(TARGET_NAME)";
				SWIFT_VERSION = 4.2;
				TARGETED_DEVICE_FAMILY = 1;
			};
			name = Release;
		};
/* End XCBuildConfiguration section */

/* Begin XCConfigurationList section */
		B49B8AC821814E6800B8F76E /* Build configuration list for PBXProject "photoHandle" */ = {
			isa = XCConfigurationList;
			buildConfigurations = (
				B49B8AE021814E6A00B8F76E /* Debug */,
				B49B8AE121814E6A00B8F76E /* Release */,
			);
			defaultConfigurationIsVisible = 0;
			defaultConfigurationName = Release;
		};
		B49B8AE221814E6A00B8F76E /* Build configuration list for PBXNativeTarget "photoHandle" */ = {
			isa = XCConfigurationList;
			buildConfigurations = (
				B49B8AE321814E6A00B8F76E /* Debug */,
				B49B8AE421814E6A00B8F76E /* Release */,
			);
			defaultConfigurationIsVisible = 0;
			defaultConfigurationName = Release;
		};
/* End XCConfigurationList section */

/* Begin XCVersionGroup section */
		B49B8AD721814E6800B8F76E /* photoHandle.xcdatamodeld */ = {
			isa = XCVersionGroup;
			children = (
				B49B8AD821814E6800B8F76E /* photoHandle.xcdatamodel */,
			);
			currentVersion = B49B8AD821814E6800B8F76E /* photoHandle.xcdatamodel */;
			path = photoHandle.xcdatamodeld;
			sourceTree = "<group>";
			versionGroupType = wrapper.xcdatamodel;
		};
/* End XCVersionGroup section */
	};
	rootObject = B49B8AC521814E6800B8F76E /* Project object */;
}
